// !$*UTF8*$!
{
	archiveVersion = 1;
	classes = {
	};
	objectVersion = 55;
	objects = {

/* Begin PBXBuildFile section */
		BB90E8E42863001C001DAC33 /* AppDelegate.m in Sources */ = {isa = PBXBuildFile; fileRef = BB90E8E32863001C001DAC33 /* AppDelegate.m */; };
		BB90E8EA2863001C001DAC33 /* ViewController.m in Sources */ = {isa = PBXBuildFile; fileRef = BB90E8E92863001C001DAC33 /* ViewController.m */; };
		BB90E8ED2863001C001DAC33 /* Main.storyboard in Resources */ = {isa = PBXBuildFile; fileRef = BB90E8EB2863001C001DAC33 /* Main.storyboard */; };
		BB90E8EF2863001E001DAC33 /* Assets.xcassets in Resources */ = {isa = PBXBuildFile; fileRef = BB90E8EE2863001E001DAC33 /* Assets.xcassets */; };
		BB90E8F22863001E001DAC33 /* LaunchScreen.storyboard in Resources */ = {isa = PBXBuildFile; fileRef = BB90E8F02863001E001DAC33 /* LaunchScreen.storyboard */; };
		BB90E8F52863001E001DAC33 /* main.m in Sources */ = {isa = PBXBuildFile; fileRef = BB90E8F42863001E001DAC33 /* main.m */; };
		BB90E8FE28630072001DAC33 /* HLCustomView.m in Sources */ = {isa = PBXBuildFile; fileRef = BB90E8FB28630072001DAC33 /* HLCustomView.m */; };
		BB90E8FF28630072001DAC33 /* HLCustomView.xib in Resources */ = {isa = PBXBuildFile; fileRef = BB90E8FC28630072001DAC33 /* HLCustomView.xib */; };
/* End PBXBuildFile section */

/* Begin PBXFileReference section */
		BB90E8DF2863001C001DAC33 /* custom-xib-example.app */ = {isa = PBXFileReference; explicitFileType = wrapper.application; includeInIndex = 0; path = "custom-xib-example.app"; sourceTree = BUILT_PRODUCTS_DIR; };
		BB90E8E22863001C001DAC33 /* AppDelegate.h */ = {isa = PBXFileReference; lastKnownFileType = sourcecode.c.h; path = AppDelegate.h; sourceTree = "<group>"; };
		BB90E8E32863001C001DAC33 /* AppDelegate.m */ = {isa = PBXFileReference; lastKnownFileType = sourcecode.c.objc; path = AppDelegate.m; sourceTree = "<group>"; };
		BB90E8E82863001C001DAC33 /* ViewController.h */ = {isa = PBXFileReference; lastKnownFileType = sourcecode.c.h; path = ViewController.h; sourceTree = "<group>"; };
		BB90E8E92863001C001DAC33 /* ViewController.m */ = {isa = PBXFileReference; lastKnownFileType = sourcecode.c.objc; path = ViewController.m; sourceTree = "<group>"; };
		BB90E8EC2863001C001DAC33 /* Base */ = {isa = PBXFileReference; lastKnownFileType = file.storyboard; name = Base; path = Base.lproj/Main.storyboard; sourceTree = "<group>"; };
		BB90E8EE2863001E001DAC33 /* Assets.xcassets */ = {isa = PBXFileReference; lastKnownFileType = folder.assetcatalog; path = Assets.xcassets; sourceTree = "<group>"; };
		BB90E8F12863001E001DAC33 /* Base */ = {isa = PBXFileReference; lastKnownFileType = file.storyboard; name = Base; path = Base.lproj/LaunchScreen.storyboard; sourceTree = "<group>"; };
		BB90E8F32863001E001DAC33 /* Info.plist */ = {isa = PBXFileReference; lastKnownFileType = text.plist.xml; path = Info.plist; sourceTree = "<group>"; };
		BB90E8F42863001E001DAC33 /* main.m */ = {isa = PBXFileReference; lastKnownFileType = sourcecode.c.objc; path = main.m; sourceTree = "<group>"; };
		BB90E8FB28630072001DAC33 /* HLCustomView.m */ = {isa = PBXFileReference; fileEncoding = 4; lastKnownFileType = sourcecode.c.objc; path = HLCustomView.m; sourceTree = "<group>"; };
		BB90E8FC28630072001DAC33 /* HLCustomView.xib */ = {isa = PBXFileReference; fileEncoding = 4; lastKnownFileType = file.xib; path = HLCustomView.xib; sourceTree = "<group>"; };
		BB90E8FD28630072001DAC33 /* HLCustomView.h */ = {isa = PBXFileReference; fileEncoding = 4; lastKnownFileType = sourcecode.c.h; path = HLCustomView.h; sourceTree = "<group>"; };
/* End PBXFileReference section */

/* Begin PBXFrameworksBuildPhase section */
		BB90E8DC2863001C001DAC33 /* Frameworks */ = {
			isa = PBXFrameworksBuildPhase;
			buildActionMask = 2147483647;
			files = (
			);
			runOnlyForDeploymentPostprocessing = 0;
		};
/* End PBXFrameworksBuildPhase section */

/* Begin PBXGroup section */
		BB90E8D62863001C001DAC33 = {
			isa = PBXGroup;
			children = (
				BB90E8E12863001C001DAC33 /* custom-xib-example */,
				BB90E8E02863001C001DAC33 /* Products */,
			);
			sourceTree = "<group>";
		};
		BB90E8E02863001C001DAC33 /* Products */ = {
			isa = PBXGroup;
			children = (
				BB90E8DF2863001C001DAC33 /* custom-xib-example.app */,
			);
			name = Products;
			sourceTree = "<group>";
		};
		BB90E8E12863001C001DAC33 /* custom-xib-example */ = {
			isa = PBXGroup;
			children = (
				BB90E8E22863001C001DAC33 /* AppDelegate.h */,
				BB90E8E32863001C001DAC33 /* AppDelegate.m */,
				BB90E8E82863001C001DAC33 /* ViewController.h */,
				BB90E8E92863001C001DAC33 /* ViewController.m */,
				BB90E8FD28630072001DAC33 /* HLCustomView.h */,
				BB90E8FB28630072001DAC33 /* HLCustomView.m */,
				BB90E8FC28630072001DAC33 /* HLCustomView.xib */,
				BB90E8EB2863001C001DAC33 /* Main.storyboard */,
				BB90E8EE2863001E001DAC33 /* Assets.xcassets */,
				BB90E8F02863001E001DAC33 /* LaunchScreen.storyboard */,
				BB90E8F32863001E001DAC33 /* Info.plist */,
				BB90E8F42863001E001DAC33 /* main.m */,
			);
			path = "custom-xib-example";
			sourceTree = "<group>";
		};
/* End PBXGroup section */

/* Begin PBXNativeTarget section */
		BB90E8DE2863001C001DAC33 /* custom-xib-example */ = {
			isa = PBXNativeTarget;
			buildConfigurationList = BB90E8F82863001E001DAC33 /* Build configuration list for PBXNativeTarget "custom-xib-example" */;
			buildPhases = (
				BB90E8DB2863001C001DAC33 /* Sources */,
				BB90E8DC2863001C001DAC33 /* Frameworks */,
				BB90E8DD2863001C001DAC33 /* Resources */,
			);
			buildRules = (
			);
			dependencies = (
			);
			name = "custom-xib-example";
			productName = "custom-xib-example";
			productReference = BB90E8DF2863001C001DAC33 /* custom-xib-example.app */;
			productType = "com.apple.product-type.application";
		};
/* End PBXNativeTarget section */

/* Begin PBXProject section */
		BB90E8D72863001C001DAC33 /* Project object */ = {
			isa = PBXProject;
			attributes = {
				BuildIndependentTargetsInParallel = 1;
				LastUpgradeCheck = 1340;
				TargetAttributes = {
					BB90E8DE2863001C001DAC33 = {
						CreatedOnToolsVersion = 13.4;
					};
				};
			};
			buildConfigurationList = BB90E8DA2863001C001DAC33 /* Build configuration list for PBXProject "custom-xib-example" */;
			compatibilityVersion = "Xcode 13.0";
			developmentRegion = en;
			hasScannedForEncodings = 0;
			knownRegions = (
				en,
				Base,
			);
			mainGroup = BB90E8D62863001C001DAC33;
			productRefGroup = BB90E8E02863001C001DAC33 /* Products */;
			projectDirPath = "";
			projectRoot = "";
			targets = (
				BB90E8DE2863001C001DAC33 /* custom-xib-example */,
			);
		};
/* End PBXProject section */

/* Begin PBXResourcesBuildPhase section */
		BB90E8DD2863001C001DAC33 /* Resources */ = {
			isa = PBXResourcesBuildPhase;
			buildActionMask = 2147483647;
			files = (
				BB90E8F22863001E001DAC33 /* LaunchScreen.storyboard in Resources */,
				BB90E8EF2863001E001DAC33 /* Assets.xcassets in Resources */,
				BB90E8ED2863001C001DAC33 /* Main.storyboard in Resources */,
				BB90E8FF28630072001DAC33 /* HLCustomView.xib in Resources */,
			);
			runOnlyForDeploymentPostprocessing = 0;
		};
/* End PBXResourcesBuildPhase section */

/* Begin PBXSourcesBuildPhase section */
		BB90E8DB2863001C001DAC33 /* Sources */ = {
			isa = PBXSourcesBuildPhase;
			buildActionMask = 2147483647;
			files = (
				BB90E8EA2863001C001DAC33 /* ViewController.m in Sources */,
				BB90E8E42863001C001DAC33 /* AppDelegate.m in Sources */,
				BB90E8F52863001E001DAC33 /* main.m in Sources */,
				BB90E8FE28630072001DAC33 /* HLCustomView.m in Sources */,
			);
			runOnlyForDeploymentPostprocessing = 0;
		};
/* End PBXSourcesBuildPhase section */

/* Begin PBXVariantGroup section */
		BB90E8EB2863001C001DAC33 /* Main.storyboard */ = {
			isa = PBXVariantGroup;
			children = (
				BB90E8EC2863001C001DAC33 /* Base */,
			);
			name = Main.storyboard;
			sourceTree = "<group>";
		};
		BB90E8F02863001E001DAC33 /* LaunchScreen.storyboard */ = {
			isa = PBXVariantGroup;
			children = (
				BB90E8F12863001E001DAC33 /* Base */,
			);
			name = LaunchScreen.storyboard;
			sourceTree = "<group>";
		};
/* End PBXVariantGroup section */

/* Begin XCBuildConfiguration section */
		BB90E8F62863001E001DAC33 /* Debug */ = {
			isa = XCBuildConfiguration;
			buildSettings = {
				ALWAYS_SEARCH_USER_PATHS = NO;
				CLANG_ANALYZER_NONNULL = YES;
				CLANG_ANALYZER_NUMBER_OBJECT_CONVERSION = YES_AGGRESSIVE;
				CLANG_CXX_LANGUAGE_STANDARD = "gnu++17";
				CLANG_ENABLE_MODULES = YES;
				CLANG_ENABLE_OBJC_ARC = YES;
				CLANG_ENABLE_OBJC_WEAK = YES;
				CLANG_WARN_BLOCK_CAPTURE_AUTORELEASING = YES;
				CLANG_WARN_BOOL_CONVERSION = YES;
				CLANG_WARN_COMMA = YES;
				CLANG_WARN_CONSTANT_CONVERSION = YES;
				CLANG_WARN_DEPRECATED_OBJC_IMPLEMENTATIONS = YES;
				CLANG_WARN_DIRECT_OBJC_ISA_USAGE = YES_ERROR;
				CLANG_WARN_DOCUMENTATION_COMMENTS = YES;
				CLANG_WARN_EMPTY_BODY = YES;
				CLANG_WARN_ENUM_CONVERSION = YES;
				CLANG_WARN_INFINITE_RECURSION = YES;
				CLANG_WARN_INT_CONVERSION = YES;
				CLANG_WARN_NON_LITERAL_NULL_CONVERSION = YES;
				CLANG_WARN_OBJC_IMPLICIT_RETAIN_SELF = YES;
				CLANG_WARN_OBJC_LITERAL_CONVERSION = YES;
				CLANG_WARN_OBJC_ROOT_CLASS = YES_ERROR;
				CLANG_WARN_QUOTED_INCLUDE_IN_FRAMEWORK_HEADER = YES;
				CLANG_WARN_RANGE_LOOP_ANALYSIS = YES;
				CLANG_WARN_STRICT_PROTOTYPES = YES;
				CLANG_WARN_SUSPICIOUS_MOVE = YES;
				CLANG_WARN_UNGUARDED_AVAILABILITY = YES_AGGRESSIVE;
				CLANG_WARN_UNREACHABLE_CODE = YES;
				CLANG_WARN__DUPLICATE_METHOD_MATCH = YES;
				COPY_PHASE_STRIP = NO;
				DEBUG_INFORMATION_FORMAT = dwarf;
				ENABLE_STRICT_OBJC_MSGSEND = YES;
				ENABLE_TESTABILITY = YES;
				GCC_C_LANGUAGE_STANDARD = gnu11;
				GCC_DYNAMIC_NO_PIC = NO;
				GCC_NO_COMMON_BLOCKS = YES;
				GCC_OPTIMIZATION_LEVEL = 0;
				GCC_PREPROCESSOR_DEFINITIONS = (
					"DEBUG=1",
					"$(inherited)",
				);
				GCC_WARN_64_TO_32_BIT_CONVERSION = YES;
				GCC_WARN_ABOUT_RETURN_TYPE = YES_ERROR;
				GCC_WARN_UNDECLARED_SELECTOR = YES;
				GCC_WARN_UNINITIALIZED_AUTOS = YES_AGGRESSIVE;
				GCC_WARN_UNUSED_FUNCTION = YES;
				GCC_WARN_UNUSED_VARIABLE = YES;
				IPHONEOS_DEPLOYMENT_TARGET = 15.5;
				MTL_ENABLE_DEBUG_INFO = INCLUDE_SOURCE;
				MTL_FAST_MATH = YES;
				ONLY_ACTIVE_ARCH = YES;
				SDKROOT = iphoneos;
			};
			name = Debug;
		};
		BB90E8F72863001E001DAC33 /* Release */ = {
			isa = XCBuildConfiguration;
			buildSettings = {
				ALWAYS_SEARCH_USER_PATHS = NO;
				CLANG_ANALYZER_NONNULL = YES;
				CLANG_ANALYZER_NUMBER_OBJECT_CONVERSION = YES_AGGRESSIVE;
				CLANG_CXX_LANGUAGE_STANDARD = "gnu++17";
				CLANG_ENABLE_MODULES = YES;
				CLANG_ENABLE_OBJC_ARC = YES;
				CLANG_ENABLE_OBJC_WEAK = YES;
				CLANG_WARN_BLOCK_CAPTURE_AUTORELEASING = YES;
				CLANG_WARN_BOOL_CONVERSION = YES;
				CLANG_WARN_COMMA = YES;
				CLANG_WARN_CONSTANT_CONVERSION = YES;
				CLANG_WARN_DEPRECATED_OBJC_IMPLEMENTATIONS = YES;
				CLANG_WARN_DIRECT_OBJC_ISA_USAGE = YES_ERROR;
				CLANG_WARN_DOCUMENTATION_COMMENTS = YES;
				CLANG_WARN_EMPTY_BODY = YES;
				CLANG_WARN_ENUM_CONVERSION = YES;
				CLANG_WARN_INFINITE_RECURSION = YES;
				CLANG_WARN_INT_CONVERSION = YES;
				CLANG_WARN_NON_LITERAL_NULL_CONVERSION = YES;
				CLANG_WARN_OBJC_IMPLICIT_RETAIN_SELF = YES;
				CLANG_WARN_OBJC_LITERAL_CONVERSION = YES;
				CLANG_WARN_OBJC_ROOT_CLASS = YES_ERROR;
				CLANG_WARN_QUOTED_INCLUDE_IN_FRAMEWORK_HEADER = YES;
				CLANG_WARN_RANGE_LOOP_ANALYSIS = YES;
				CLANG_WARN_STRICT_PROTOTYPES = YES;
				CLANG_WARN_SUSPICIOUS_MOVE = YES;
				CLANG_WARN_UNGUARDED_AVAILABILITY = YES_AGGRESSIVE;
				CLANG_WARN_UNREACHABLE_CODE = YES;
				CLANG_WARN__DUPLICATE_METHOD_MATCH = YES;
				COPY_PHASE_STRIP = NO;
				DEBUG_INFORMATION_FORMAT = "dwarf-with-dsym";
				ENABLE_NS_ASSERTIONS = NO;
				ENABLE_STRICT_OBJC_MSGSEND = YES;
				GCC_C_LANGUAGE_STANDARD = gnu11;
				GCC_NO_COMMON_BLOCKS = YES;
				GCC_WARN_64_TO_32_BIT_CONVERSION = YES;
				GCC_WARN_ABOUT_RETURN_TYPE = YES_ERROR;
				GCC_WARN_UNDECLARED_SELECTOR = YES;
				GCC_WARN_UNINITIALIZED_AUTOS = YES_AGGRESSIVE;
				GCC_WARN_UNUSED_FUNCTION = YES;
				GCC_WARN_UNUSED_VARIABLE = YES;
				IPHONEOS_DEPLOYMENT_TARGET = 15.5;
				MTL_ENABLE_DEBUG_INFO = NO;
				MTL_FAST_MATH = YES;
				SDKROOT = iphoneos;
				VALIDATE_PRODUCT = YES;
			};
			name = Release;
		};
		BB90E8F92863001E001DAC33 /* Debug */ = {
			isa = XCBuildConfiguration;
			buildSettings = {
				ASSETCATALOG_COMPILER_APPICON_NAME = AppIcon;
				ASSETCATALOG_COMPILER_GLOBAL_ACCENT_COLOR_NAME = AccentColor;
				CODE_SIGN_STYLE = Automatic;
				CURRENT_PROJECT_VERSION = 1;
				GENERATE_INFOPLIST_FILE = YES;
				INFOPLIST_FILE = "custom-xib-example/Info.plist";
				INFOPLIST_KEY_UIApplicationSupportsIndirectInputEvents = YES;
				INFOPLIST_KEY_UILaunchStoryboardName = LaunchScreen;
				INFOPLIST_KEY_UIMainStoryboardFile = Main;
				INFOPLIST_KEY_UISupportedInterfaceOrientations_iPad = "UIInterfaceOrientationPortrait UIInterfaceOrientationPortraitUpsideDown UIInterfaceOrientationLandscapeLeft UIInterfaceOrientationLandscapeRight";
				INFOPLIST_KEY_UISupportedInterfaceOrientations_iPhone = "UIInterfaceOrientationPortrait UIInterfaceOrientationLandscapeLeft UIInterfaceOrientationLandscapeRight";
				IPHONEOS_DEPLOYMENT_TARGET = 9.0;
				LD_RUNPATH_SEARCH_PATHS = (
					"$(inherited)",
					"@executable_path/Frameworks",
				);
				MARKETING_VERSION = 1.0;
				PRODUCT_BUNDLE_IDENTIFIER = "com.hcw.custom-xib-example";
				PRODUCT_NAME = "$(TARGET_NAME)";
				SWIFT_EMIT_LOC_STRINGS = YES;
				TARGETED_DEVICE_FAMILY = "1,2";
			};
			name = Debug;
		};
		BB90E8FA2863001E001DAC33 /* Release */ = {
			isa = XCBuildConfiguration;
			buildSettings = {
				ASSETCATALOG_COMPILER_APPICON_NAME = AppIcon;
				ASSETCATALOG_COMPILER_GLOBAL_ACCENT_COLOR_NAME = AccentColor;
				CODE_SIGN_STYLE = Automatic;
				CURRENT_PROJECT_VERSION = 1;
				GENERATE_INFOPLIST_FILE = YES;
				INFOPLIST_FILE = "custom-xib-example/Info.plist";
				INFOPLIST_KEY_UIApplicationSupportsIndirectInputEvents = YES;
				INFOPLIST_KEY_UILaunchStoryboardName = LaunchScreen;
				INFOPLIST_KEY_UIMainStoryboardFile = Main;
				INFOPLIST_KEY_UISupportedInterfaceOrientations_iPad = "UIInterfaceOrientationPortrait UIInterfaceOrientationPortraitUpsideDown UIInterfaceOrientationLandscapeLeft UIInterfaceOrientationLandscapeRight";
				INFOPLIST_KEY_UISupportedInterfaceOrientations_iPhone = "UIInterfaceOrientationPortrait UIInterfaceOrientationLandscapeLeft UIInterfaceOrientationLandscapeRight";
				IPHONEOS_DEPLOYMENT_TARGET = 9.0;
				LD_RUNPATH_SEARCH_PATHS = (
					"$(inherited)",
					"@executable_path/Frameworks",
				);
				MARKETING_VERSION = 1.0;
				PRODUCT_BUNDLE_IDENTIFIER = "com.hcw.custom-xib-example";
				PRODUCT_NAME = "$(TARGET_NAME)";
				SWIFT_EMIT_LOC_STRINGS = YES;
				TARGETED_DEVICE_FAMILY = "1,2";
			};
			name = Release;
		};
/* End XCBuildConfiguration section */

/* Begin XCConfigurationList section */
		BB90E8DA2863001C001DAC33 /* Build configuration list for PBXProject "custom-xib-example" */ = {
			isa = XCConfigurationList;
			buildConfigurations = (
				BB90E8F62863001E001DAC33 /* Debug */,
				BB90E8F72863001E001DAC33 /* Release */,
			);
			defaultConfigurationIsVisible = 0;
			defaultConfigurationName = Release;
		};
		BB90E8F82863001E001DAC33 /* Build configuration list for PBXNativeTarget "custom-xib-example" */ = {
			isa = XCConfigurationList;
			buildConfigurations = (
				BB90E8F92863001E001DAC33 /* Debug */,
				BB90E8FA2863001E001DAC33 /* Release */,
			);
			defaultConfigurationIsVisible = 0;
			defaultConfigurationName = Release;
		};
/* End XCConfigurationList section */
	};
	rootObject = BB90E8D72863001C001DAC33 /* Project object */;
}
